{
  "lockfileVersion": 1,
  "workspaces": {
    "": {
      "name": "@lspinstall/language-servers",
      "dependencies": {
        "@tailwindcss/language-server": "^0.0.13",
        "vscode-json-languageserver": "^1.3.4",
        "yaml-language-server": "^1.14.0",
      },
    },
  },
  "packages": {
    "@tailwindcss/language-server": ["@tailwindcss/language-server@0.0.13", "", { "bin": { "tailwindcss-language-server": "bin/tailwindcss-language-server" } }, "sha512-C5OKPG8F6IiSbiEgXMxskMsOnbzSGnZvKBxEGHUhBGIB/tlX5rc7Iv/prdwYrUj2Swhjj5TrXuxZgACo+blB4A=="],

    "agent-base": ["agent-base@4.3.0", "", { "dependencies": { "es6-promisify": "^5.0.0" } }, "sha512-salcGninV0nPrwpGNn4VTXBb1SOuXQBiqbrNXoeizJsHrsL6ERFM2Ne3JUSBWRE6aeNJI2ROP/WEEIDUiDe3cg=="],

    "ajv": ["ajv@8.12.0", "", { "dependencies": { "fast-deep-equal": "^3.1.1", "json-schema-traverse": "^1.0.0", "require-from-string": "^2.0.2", "uri-js": "^4.2.2" } }, "sha512-sRu1kpcO9yLtYxBKvqfTeh9KzZEwO3STyX1HT+4CaDzC6HpTGYhIhPIzj9XuKU7KYDwnaeh5hcOwjy1QuJzBPA=="],

    "debug": ["debug@3.1.0", "", { "dependencies": { "ms": "2.0.0" } }, "sha512-OX8XqP7/1a9cqkxYw2yXss15f26NKWBpDXQd0/uK/KPqdQhxbPa994hnzjcE2VqQpDslf55723cKPUOGSmMY3g=="],

    "es6-promise": ["es6-promise@4.2.8", "", {}, "sha512-HJDGx5daxeIvxdBxvG2cb9g4tEvwIk3i8+nhX0yGrYmZUzbkdg8QbDevheDB8gd0//uPj4c1EQua8Q+MViT0/w=="],

    "es6-promisify": ["es6-promisify@5.0.0", "", { "dependencies": { "es6-promise": "^4.0.3" } }, ""],

    "fast-deep-equal": ["fast-deep-equal@3.1.3", "", {}, "sha512-f3qQ9oQy9j2AhBe/H9VC91wLmKBCCU/gDOnKNAYG5hswO7BLKj09Hc5HYNz9cGI++xlpDCIgDaitVs03ATR84Q=="],

    "http-proxy-agent": ["http-proxy-agent@2.1.0", "", { "dependencies": { "agent-base": "4", "debug": "3.1.0" } }, "sha512-qwHbBLV7WviBl0rQsOzH6o5lwyOIvwp/BdFnvVxXORldu5TmjFfjzBcWUWS5kWAZhmv+JtiDhSuQCp4sBfbIgg=="],

    "https-proxy-agent": ["https-proxy-agent@2.2.4", "", { "dependencies": { "agent-base": "^4.3.0", "debug": "^3.1.0" } }, "sha512-OmvfoQ53WLjtA9HeYP9RNrWMJzzAz1JGaSFr1nijg0PVR1JaD/xbJq1mdEIIlxGpXp9eSe/O2LgU9DJmTPd0Eg=="],

    "json-schema-traverse": ["json-schema-traverse@1.0.0", "", {}, "sha512-NM8/P9n3XjXhIZn1lLhkFaACTOURQXjWhV4BA/RnOv8xvgqtqpAX9IO4mRQxSx1Rlo4tqzeqb0sOlruaOy3dug=="],

    "jsonc-parser": ["jsonc-parser@3.0.0", "", {}, "sha512-fQzRfAbIBnR0IQvftw9FJveWiHp72Fg20giDrHz6TdfB12UH/uue0D3hm57UB5KgAVuniLMCaS8P1IMj9NR7cA=="],

    "lodash": ["lodash@4.17.21", "", {}, "sha512-v2kDEe57lecTulaDIuNTPy3Ry4gLGJ6Z1O3vE1krgXZNrsQ+LFTGHVxVjcXPs17LhbZVGedAJv8XZ1tvj5FvSg=="],

    "ms": ["ms@2.0.0", "", {}, ""],

    "prettier": ["prettier@2.8.7", "", { "bin": "bin-prettier.js" }, "sha512-yPngTo3aXUUmyuTjeTUT75txrf+aMh9FiD7q9ZE/i6r0bPb22g4FsE6Y338PQX1bmfy08i9QQCB7/rcUAVntfw=="],

    "punycode": ["punycode@2.3.0", "", {}, "sha512-rRV+zQD8tVFys26lAGR9WUuS4iUAngJScM+ZRSKtvl5tKeZ2t5bvdNFdNHBW9FWR4guGHlgmsZ1G7BSm2wTbuA=="],

    "request-light": ["request-light@0.4.0", "", { "dependencies": { "http-proxy-agent": "^2.1.0", "https-proxy-agent": "^2.2.4", "vscode-nls": "^4.1.2" } }, "sha512-fimzjIVw506FBZLspTAXHdpvgvQebyjpNyLRd0e6drPPRq7gcrROeGWRyF81wLqFg5ijPgnOQbmfck5wdTqpSA=="],

    "require-from-string": ["require-from-string@2.0.2", "", {}, "sha512-Xf0nWe6RseziFMu+Ap9biiUbmplq6S9/p+7w7YXP/JBHhrUDDUhwa+vANyubuqfZWTveU//DYVGsDG7RKL/vEw=="],

    "uri-js": ["uri-js@4.4.1", "", { "dependencies": { "punycode": "^2.1.0" } }, "sha512-7rKUyy33Q1yc98pQ1DAmLtwX109F7TIfWlW1Ydo8Wl1ii1SeHieeh0HHfPeL2fMXK6z0s8ecKs9frCuLJvndBg=="],

    "vscode-json-languageserver": ["vscode-json-languageserver@1.3.4", "", { "dependencies": { "jsonc-parser": "^3.0.0", "request-light": "^0.4.0", "vscode-json-languageservice": "^4.0.2", "vscode-languageserver": "^7.0.0", "vscode-uri": "^3.0.2" }, "bin": "bin/vscode-json-languageserver" }, "sha512-+ghebnslXk6fVDySBrT0BVqozLDdmKY/qxgkDD4JtOQcU2vXc3e7jh7YyMxvuvE93E9OLvBqUrvajttj8xf3BA=="],

    "vscode-json-languageservice": ["vscode-json-languageservice@4.1.8", "", { "dependencies": { "jsonc-parser": "^3.0.0", "vscode-languageserver-textdocument": "^1.0.1", "vscode-languageserver-types": "^3.16.0", "vscode-nls": "^5.0.0", "vscode-uri": "^3.0.2" } }, "sha512-0vSpg6Xd9hfV+eZAaYN63xVVMOTmJ4GgHxXnkLCh+9RsQBkWKIghzLhW2B9ebfG+LQQg8uLtsQ2aUKjTgE+QOg=="],

    "vscode-jsonrpc": ["vscode-jsonrpc@6.0.0", "", {}, "sha512-wnJA4BnEjOSyFMvjZdpiOwhSq9uDoK8e/kpRJDTaMYzwlkrhG1fwDIZI94CLsLzlCK5cIbMMtFlJlfR57Lavmg=="],

    "vscode-languageserver": ["vscode-languageserver@7.0.0", "", { "dependencies": { "vscode-languageserver-protocol": "3.16.0" }, "bin": { "installServerIntoExtension": "bin/installServerIntoExtension" } }, "sha512-60HTx5ID+fLRcgdHfmz0LDZAXYEV68fzwG0JWwEPBode9NuMYTIxuYXPg4ngO8i8+Ou0lM7y6GzaYWbiDL0drw=="],

    "vscode-languageserver-protocol": ["vscode-languageserver-protocol@3.16.0", "", { "dependencies": { "vscode-jsonrpc": "6.0.0", "vscode-languageserver-types": "3.16.0" } }, "sha512-sdeUoAawceQdgIfTI+sdcwkiK2KU+2cbEYA0agzM2uqaUy2UpnnGHtWTHVEtS0ES4zHU0eMFRGN+oQgDxlD66A=="],

    "vscode-languageserver-textdocument": ["vscode-languageserver-textdocument@1.0.1", "", {}, "sha512-UIcJDjX7IFkck7cSkNNyzIz5FyvpQfY7sdzVy+wkKN/BLaD4DQ0ppXQrKePomCxTS7RrolK1I0pey0bG9eh8dA=="],

    "vscode-languageserver-types": ["vscode-languageserver-types@3.16.0", "", {}, "sha512-k8luDIWJWyenLc5ToFQQMaSrqCHiLwyKPHKPQZ5zz21vM+vIVUSvsRpcbiECH4WR88K2XZqc4ScRcZ7nk/jbeA=="],

    "vscode-nls": ["vscode-nls@5.2.0", "", {}, "sha512-RAaHx7B14ZU04EU31pT+rKz2/zSl7xMsfIZuo8pd+KZO6PXtQmpevpq3vxvWNcrGbdmhM/rr5Uw5Mz+NBfhVng=="],

    "vscode-uri": ["vscode-uri@3.0.7", "", {}, "sha512-eOpPHogvorZRobNqJGhapa0JdwaxpjVvyBp0QIUMRMSf8ZAlqOdEquKuRmw9Qwu0qXtJIWqFtMkmvJjUZmMjVA=="],

    "yaml": ["yaml@2.2.2", "", {}, "sha512-CBKFWExMn46Foo4cldiChEzn7S7SRV+wqiluAb6xmueD/fGyRHIhX8m14vVGgeFWjN540nKCNVj6P21eQjgTuA=="],

    "yaml-language-server": ["yaml-language-server@1.14.0", "", { "dependencies": { "ajv": "^8.11.0", "lodash": "4.17.21", "request-light": "^0.5.7", "vscode-json-languageservice": "4.1.8", "vscode-languageserver": "^7.0.0", "vscode-languageserver-textdocument": "^1.0.1", "vscode-languageserver-types": "^3.16.0", "vscode-nls": "^5.0.0", "vscode-uri": "^3.0.2", "yaml": "2.2.2" }, "optionalDependencies": { "prettier": "2.8.7" }, "bin": "bin/yaml-language-server" }, "sha512-HnNiHM5AOTXuM8ZpubzqgTy+7V5kFiMXVedOT2yjhvnxCw6pbMXcD/ymHaaT5v2ue0H8GGH4NFkvCEzcIcTJDg=="],

    "request-light/vscode-nls": ["vscode-nls@4.1.2", "", {}, "sha512-7bOHxPsfyuCqmP+hZXscLhiHwe7CSuFE4hyhbs22xPIhQ4jv99FcR4eBzfYYVLP356HNFpdvz63FFb/xw6T4Iw=="],

    "vscode-json-languageservice/jsonc-parser": ["jsonc-parser@3.0.0", "", {}, "sha512-fQzRfAbIBnR0IQvftw9FJveWiHp72Fg20giDrHz6TdfB12UH/uue0D3hm57UB5KgAVuniLMCaS8P1IMj9NR7cA=="],

    "vscode-json-languageservice/vscode-nls": ["vscode-nls@5.0.0", "", {}, "sha512-u0Lw+IYlgbEJFF6/qAqG2d1jQmJl0eyAGJHoAJqr2HT4M2BNuQYSEiSE75f52pXHSJm8AlTjnLLbBFPrdz2hpA=="],

    "yaml-language-server/request-light": ["request-light@0.5.8", "", {}, "sha512-3Zjgh+8b5fhRJBQZoy+zbVKpAQGLyka0MPgW3zruTF4dFFJ8Fqcfu9YsAvi/rvdcaTeWG3MkbZv4WKxAn/84Lg=="],
  }
}
